// !$*UTF8*$!
{
	archiveVersion = 1;
	classes = {
	};
	objectVersion = 46;
	objects = {

/* Begin PBXBuildFile section */
		7439F1461B62C498007CAF44 /* AppDelegate.swift in Sources */ = {isa = PBXBuildFile; fileRef = 7439F1451B62C498007CAF44 /* AppDelegate.swift */; };
		7439F14B1B62C498007CAF44 /* Main.storyboard in Resources */ = {isa = PBXBuildFile; fileRef = 7439F1491B62C498007CAF44 /* Main.storyboard */; };
		7439F14D1B62C498007CAF44 /* Images.xcassets in Resources */ = {isa = PBXBuildFile; fileRef = 7439F14C1B62C498007CAF44 /* Images.xcassets */; };
		7439F1501B62C498007CAF44 /* LaunchScreen.xib in Resources */ = {isa = PBXBuildFile; fileRef = 7439F14E1B62C498007CAF44 /* LaunchScreen.xib */; };
		7439F15C1B62C498007CAF44 /* _0____HighVoltage____John_HolsappleTests.swift in Sources */ = {isa = PBXBuildFile; fileRef = 7439F15B1B62C498007CAF44 /* _0____HighVoltage____John_HolsappleTests.swift */; };
		7439F1661B62C582007CAF44 /* ConversionsTableViewController.swift in Sources */ = {isa = PBXBuildFile; fileRef = 7439F1651B62C582007CAF44 /* ConversionsTableViewController.swift */; };
		7439F1681B62C5A5007CAF44 /* PopoverTableViewController.swift in Sources */ = {isa = PBXBuildFile; fileRef = 7439F1671B62C5A5007CAF44 /* PopoverTableViewController.swift */; };
		7439F16A1B62C5C6007CAF44 /* ElectricityModel.swift in Sources */ = {isa = PBXBuildFile; fileRef = 7439F1691B62C5C6007CAF44 /* ElectricityModel.swift */; };
/* End PBXBuildFile section */

/* Begin PBXContainerItemProxy section */
		7439F1561B62C498007CAF44 /* PBXContainerItemProxy */ = {
			isa = PBXContainerItemProxy;
			containerPortal = 7439F1381B62C498007CAF44 /* Project object */;
			proxyType = 1;
			remoteGlobalIDString = 7439F13F1B62C498007CAF44;
			remoteInfo = "30 -- HighVoltage -- John Holsapple";
		};
/* End PBXContainerItemProxy section */

/* Begin PBXFileReference section */
		7439F1401B62C498007CAF44 /* 30 -- HighVoltage -- John Holsapple.app */ = {isa = PBXFileReference; explicitFileType = wrapper.application; includeInIndex = 0; path = "30 -- HighVoltage -- John Holsapple.app"; sourceTree = BUILT_PRODUCTS_DIR; };
		7439F1441B62C498007CAF44 /* Info.plist */ = {isa = PBXFileReference; lastKnownFileType = text.plist.xml; path = Info.plist; sourceTree = "<group>"; };
		7439F1451B62C498007CAF44 /* AppDelegate.swift */ = {isa = PBXFileReference; lastKnownFileType = sourcecode.swift; path = AppDelegate.swift; sourceTree = "<group>"; };
		7439F14A1B62C498007CAF44 /* Base */ = {isa = PBXFileReference; lastKnownFileType = file.storyboard; name = Base; path = Base.lproj/Main.storyboard; sourceTree = "<group>"; };
		7439F14C1B62C498007CAF44 /* Images.xcassets */ = {isa = PBXFileReference; lastKnownFileType = folder.assetcatalog; path = Images.xcassets; sourceTree = "<group>"; };
		7439F14F1B62C498007CAF44 /* Base */ = {isa = PBXFileReference; lastKnownFileType = file.xib; name = Base; path = Base.lproj/LaunchScreen.xib; sourceTree = "<group>"; };
		7439F1551B62C498007CAF44 /* 30 -- HighVoltage -- John HolsappleTests.xctest */ = {isa = PBXFileReference; explicitFileType = wrapper.cfbundle; includeInIndex = 0; path = "30 -- HighVoltage -- John HolsappleTests.xctest"; sourceTree = BUILT_PRODUCTS_DIR; };
		7439F15A1B62C498007CAF44 /* Info.plist */ = {isa = PBXFileReference; lastKnownFileType = text.plist.xml; path = Info.plist; sourceTree = "<group>"; };
		7439F15B1B62C498007CAF44 /* _0____HighVoltage____John_HolsappleTests.swift */ = {isa = PBXFileReference; lastKnownFileType = sourcecode.swift; path = "_0____HighVoltage____John_HolsappleTests.swift"; sourceTree = "<group>"; };
		7439F1651B62C582007CAF44 /* ConversionsTableViewController.swift */ = {isa = PBXFileReference; fileEncoding = 4; lastKnownFileType = sourcecode.swift; path = ConversionsTableViewController.swift; sourceTree = "<group>"; };
		7439F1671B62C5A5007CAF44 /* PopoverTableViewController.swift */ = {isa = PBXFileReference; fileEncoding = 4; lastKnownFileType = sourcecode.swift; path = PopoverTableViewController.swift; sourceTree = "<group>"; };
		7439F1691B62C5C6007CAF44 /* ElectricityModel.swift */ = {isa = PBXFileReference; fileEncoding = 4; lastKnownFileType = sourcecode.swift; path = ElectricityModel.swift; sourceTree = "<group>"; };
/* End PBXFileReference section */

/* Begin PBXFrameworksBuildPhase section */
		7439F13D1B62C498007CAF44 /* Frameworks */ = {
			isa = PBXFrameworksBuildPhase;
			buildActionMask = 2147483647;
			files = (
			);
			runOnlyForDeploymentPostprocessing = 0;
		};
		7439F1521B62C498007CAF44 /* Frameworks */ = {
			isa = PBXFrameworksBuildPhase;
			buildActionMask = 2147483647;
			files = (
			);
			runOnlyForDeploymentPostprocessing = 0;
		};
/* End PBXFrameworksBuildPhase section */

/* Begin PBXGroup section */
		7439F1371B62C498007CAF44 = {
			isa = PBXGroup;
			children = (
				7439F1421B62C498007CAF44 /* 30 -- HighVoltage -- John Holsapple */,
				7439F1581B62C498007CAF44 /* 30 -- HighVoltage -- John HolsappleTests */,
				7439F1411B62C498007CAF44 /* Products */,
			);
			sourceTree = "<group>";
		};
		7439F1411B62C498007CAF44 /* Products */ = {
			isa = PBXGroup;
			children = (
				7439F1401B62C498007CAF44 /* 30 -- HighVoltage -- John Holsapple.app */,
				7439F1551B62C498007CAF44 /* 30 -- HighVoltage -- John HolsappleTests.xctest */,
			);
			name = Products;
			sourceTree = "<group>";
		};
		7439F1421B62C498007CAF44 /* 30 -- HighVoltage -- John Holsapple */ = {
			isa = PBXGroup;
			children = (
				7439F1451B62C498007CAF44 /* AppDelegate.swift */,
				7439F1651B62C582007CAF44 /* ConversionsTableViewController.swift */,
				7439F1671B62C5A5007CAF44 /* PopoverTableViewController.swift */,
				7439F1691B62C5C6007CAF44 /* ElectricityModel.swift */,
				7439F1491B62C498007CAF44 /* Main.storyboard */,
				7439F14C1B62C498007CAF44 /* Images.xcassets */,
				7439F14E1B62C498007CAF44 /* LaunchScreen.xib */,
				7439F1431B62C498007CAF44 /* Supporting Files */,
			);
			path = "30 -- HighVoltage -- John Holsapple";
			sourceTree = "<group>";
		};
		7439F1431B62C498007CAF44 /* Supporting Files */ = {
			isa = PBXGroup;
			children = (
				7439F1441B62C498007CAF44 /* Info.plist */,
			);
			name = "Supporting Files";
			sourceTree = "<group>";
		};
		7439F1581B62C498007CAF44 /* 30 -- HighVoltage -- John HolsappleTests */ = {
			isa = PBXGroup;
			children = (
				7439F15B1B62C498007CAF44 /* _0____HighVoltage____John_HolsappleTests.swift */,
				7439F1591B62C498007CAF44 /* Supporting Files */,
			);
			path = "30 -- HighVoltage -- John HolsappleTests";
			sourceTree = "<group>";
		};
		7439F1591B62C498007CAF44 /* Supporting Files */ = {
			isa = PBXGroup;
			children = (
				7439F15A1B62C498007CAF44 /* Info.plist */,
			);
			name = "Supporting Files";
			sourceTree = "<group>";
		};
/* End PBXGroup section */

/* Begin PBXNativeTarget section */
		7439F13F1B62C498007CAF44 /* 30 -- HighVoltage -- John Holsapple */ = {
			isa = PBXNativeTarget;
			buildConfigurationList = 7439F15F1B62C498007CAF44 /* Build configuration list for PBXNativeTarget "30 -- HighVoltage -- John Holsapple" */;
			buildPhases = (
				7439F13C1B62C498007CAF44 /* Sources */,
				7439F13D1B62C498007CAF44 /* Frameworks */,
				7439F13E1B62C498007CAF44 /* Resources */,
			);
			buildRules = (
			);
			dependencies = (
			);
			name = "30 -- HighVoltage -- John Holsapple";
			productName = "30 -- HighVoltage -- John Holsapple";
			productReference = 7439F1401B62C498007CAF44 /* 30 -- HighVoltage -- John Holsapple.app */;
			productType = "com.apple.product-type.application";
		};
		7439F1541B62C498007CAF44 /* 30 -- HighVoltage -- John HolsappleTests */ = {
			isa = PBXNativeTarget;
			buildConfigurationList = 7439F1621B62C498007CAF44 /* Build configuration list for PBXNativeTarget "30 -- HighVoltage -- John HolsappleTests" */;
			buildPhases = (
				7439F1511B62C498007CAF44 /* Sources */,
				7439F1521B62C498007CAF44 /* Frameworks */,
				7439F1531B62C498007CAF44 /* Resources */,
			);
			buildRules = (
			);
			dependencies = (
				7439F1571B62C498007CAF44 /* PBXTargetDependency */,
			);
			name = "30 -- HighVoltage -- John HolsappleTests";
			productName = "30 -- HighVoltage -- John HolsappleTests";
			productReference = 7439F1551B62C498007CAF44 /* 30 -- HighVoltage -- John HolsappleTests.xctest */;
			productType = "com.apple.product-type.bundle.unit-test";
		};
/* End PBXNativeTarget section */

/* Begin PBXProject section */
		7439F1381B62C498007CAF44 /* Project object */ = {
			isa = PBXProject;
			attributes = {
				LastSwiftMigration = 0700;
				LastSwiftUpdateCheck = 0700;
				LastUpgradeCheck = 0640;
				ORGANIZATIONNAME = "John Holsapple -- The Iron Yard";
				TargetAttributes = {
					7439F13F1B62C498007CAF44 = {
						CreatedOnToolsVersion = 6.4;
					};
					7439F1541B62C498007CAF44 = {
						CreatedOnToolsVersion = 6.4;
						TestTargetID = 7439F13F1B62C498007CAF44;
					};
				};
			};
			buildConfigurationList = 7439F13B1B62C498007CAF44 /* Build configuration list for PBXProject "30 -- HighVoltage -- John Holsapple" */;
			compatibilityVersion = "Xcode 3.2";
			developmentRegion = English;
			hasScannedForEncodings = 0;
			knownRegions = (
				en,
				Base,
			);
			mainGroup = 7439F1371B62C498007CAF44;
			productRefGroup = 7439F1411B62C498007CAF44 /* Products */;
			projectDirPath = "";
			projectRoot = "";
			targets = (
				7439F13F1B62C498007CAF44 /* 30 -- HighVoltage -- John Holsapple */,
				7439F1541B62C498007CAF44 /* 30 -- HighVoltage -- John HolsappleTests */,
			);
		};
/* End PBXProject section */

/* Begin PBXResourcesBuildPhase section */
		7439F13E1B62C498007CAF44 /* Resources */ = {
			isa = PBXResourcesBuildPhase;
			buildActionMask = 2147483647;
			files = (
				7439F14B1B62C498007CAF44 /* Main.storyboard in Resources */,
				7439F1501B62C498007CAF44 /* LaunchScreen.xib in Resources */,
				7439F14D1B62C498007CAF44 /* Images.xcassets in Resources */,
			);
			runOnlyForDeploymentPostprocessing = 0;
		};
		7439F1531B62C498007CAF44 /* Resources */ = {
			isa = PBXResourcesBuildPhase;
			buildActionMask = 2147483647;
			files = (
			);
			runOnlyForDeploymentPostprocessing = 0;
		};
/* End PBXResourcesBuildPhase section */

/* Begin PBXSourcesBuildPhase section */
		7439F13C1B62C498007CAF44 /* Sources */ = {
			isa = PBXSourcesBuildPhase;
			buildActionMask = 2147483647;
			files = (
				7439F1461B62C498007CAF44 /* AppDelegate.swift in Sources */,
				7439F1681B62C5A5007CAF44 /* PopoverTableViewController.swift in Sources */,
				7439F1661B62C582007CAF44 /* ConversionsTableViewController.swift in Sources */,
				7439F16A1B62C5C6007CAF44 /* ElectricityModel.swift in Sources */,
			);
			runOnlyForDeploymentPostprocessing = 0;
		};
		7439F1511B62C498007CAF44 /* Sources */ = {
			isa = PBXSourcesBuildPhase;
			buildActionMask = 2147483647;
			files = (
				7439F15C1B62C498007CAF44 /* _0____HighVoltage____John_HolsappleTests.swift in Sources */,
			);
			runOnlyForDeploymentPostprocessing = 0;
		};
/* End PBXSourcesBuildPhase section */

/* Begin PBXTargetDependency section */
		7439F1571B62C498007CAF44 /* PBXTargetDependency */ = {
			isa = PBXTargetDependency;
			target = 7439F13F1B62C498007CAF44 /* 30 -- HighVoltage -- John Holsapple */;
			targetProxy = 7439F1561B62C498007CAF44 /* PBXContainerItemProxy */;
		};
/* End PBXTargetDependency section */

/* Begin PBXVariantGroup section */
		7439F1491B62C498007CAF44 /* Main.storyboard */ = {
			isa = PBXVariantGroup;
			children = (
				7439F14A1B62C498007CAF44 /* Base */,
			);
			name = Main.storyboard;
			sourceTree = "<group>";
		};
		7439F14E1B62C498007CAF44 /* LaunchScreen.xib */ = {
			isa = PBXVariantGroup;
			children = (
				7439F14F1B62C498007CAF44 /* Base */,
			);
			name = LaunchScreen.xib;
			sourceTree = "<group>";
		};
/* End PBXVariantGroup section */

/* Begin XCBuildConfiguration section */
		7439F15D1B62C498007CAF44 /* Debug */ = {
			isa = XCBuildConfiguration;
			buildSettings = {
				ALWAYS_SEARCH_USER_PATHS = NO;
				CLANG_CXX_LANGUAGE_STANDARD = "gnu++0x";
				CLANG_CXX_LIBRARY = "libc++";
				CLANG_ENABLE_MODULES = YES;
				CLANG_ENABLE_OBJC_ARC = YES;
				CLANG_WARN_BOOL_CONVERSION = YES;
				CLANG_WARN_CONSTANT_CONVERSION = YES;
				CLANG_WARN_DIRECT_OBJC_ISA_USAGE = YES_ERROR;
				CLANG_WARN_EMPTY_BODY = YES;
				CLANG_WARN_ENUM_CONVERSION = YES;
				CLANG_WARN_INT_CONVERSION = YES;
				CLANG_WARN_OBJC_ROOT_CLASS = YES_ERROR;
				CLANG_WARN_UNREACHABLE_CODE = YES;
				CLANG_WARN__DUPLICATE_METHOD_MATCH = YES;
				"CODE_SIGN_IDENTITY[sdk=iphoneos*]" = "iPhone Developer";
				COPY_PHASE_STRIP = NO;
				DEBUG_INFORMATION_FORMAT = "dwarf-with-dsym";
				ENABLE_STRICT_OBJC_MSGSEND = YES;
				GCC_C_LANGUAGE_STANDARD = gnu99;
				GCC_DYNAMIC_NO_PIC = NO;
				GCC_NO_COMMON_BLOCKS = YES;
				GCC_OPTIMIZATION_LEVEL = 0;
				GCC_PREPROCESSOR_DEFINITIONS = (
					"DEBUG=1",
					"$(inherited)",
				);
				GCC_SYMBOLS_PRIVATE_EXTERN = NO;
				GCC_WARN_64_TO_32_BIT_CONVERSION = YES;
				GCC_WARN_ABOUT_RETURN_TYPE = YES_ERROR;
				GCC_WARN_UNDECLARED_SELECTOR = YES;
				GCC_WARN_UNINITIALIZED_AUTOS = YES_AGGRESSIVE;
				GCC_WARN_UNUSED_FUNCTION = YES;
				GCC_WARN_UNUSED_VARIABLE = YES;
				IPHONEOS_DEPLOYMENT_TARGET = 8.4;
				MTL_ENABLE_DEBUG_INFO = YES;
				ONLY_ACTIVE_ARCH = YES;
				SDKROOT = iphoneos;
				SWIFT_OPTIMIZATION_LEVEL = "-Onone";
				TARGETED_DEVICE_FAMILY = "1,2";
			};
			name = Debug;
		};
		7439F15E1B62C498007CAF44 /* Release */ = {
			isa = XCBuildConfiguration;
			buildSettings = {
				ALWAYS_SEARCH_USER_PATHS = NO;
				CLANG_CXX_LANGUAGE_STANDARD = "gnu++0x";
				CLANG_CXX_LIBRARY = "libc++";
				CLANG_ENABLE_MODULES = YES;
				CLANG_ENABLE_OBJC_ARC = YES;
				CLANG_WARN_BOOL_CONVERSION = YES;
				CLANG_WARN_CONSTANT_CONVERSION = YES;
				CLANG_WARN_DIRECT_OBJC_ISA_USAGE = YES_ERROR;
				CLANG_WARN_EMPTY_BODY = YES;
				CLANG_WARN_ENUM_CONVERSION = YES;
				CLANG_WARN_INT_CONVERSION = YES;
				CLANG_WARN_OBJC_ROOT_CLASS = YES_ERROR;
				CLANG_WARN_UNREACHABLE_CODE = YES;
				CLANG_WARN__DUPLICATE_METHOD_MATCH = YES;
				"CODE_SIGN_IDENTITY[sdk=iphoneos*]" = "iPhone Developer";
				COPY_PHASE_STRIP = NO;
				DEBUG_INFORMATION_FORMAT = "dwarf-with-dsym";
				ENABLE_NS_ASSERTIONS = NO;
				ENABLE_STRICT_OBJC_MSGSEND = YES;
				GCC_C_LANGUAGE_STANDARD = gnu99;
				GCC_NO_COMMON_BLOCKS = YES;
				GCC_WARN_64_TO_32_BIT_CONVERSION = YES;
				GCC_WARN_ABOUT_RETURN_TYPE = YES_ERROR;
				GCC_WARN_UNDECLARED_SELECTOR = YES;
				GCC_WARN_UNINITIALIZED_AUTOS = YES_AGGRESSIVE;
				GCC_WARN_UNUSED_FUNCTION = YES;
				GCC_WARN_UNUSED_VARIABLE = YES;
				IPHONEOS_DEPLOYMENT_TARGET = 8.4;
				MTL_ENABLE_DEBUG_INFO = NO;
				SDKROOT = iphoneos;
				TARGETED_DEVICE_FAMILY = "1,2";
				VALIDATE_PRODUCT = YES;
			};
			name = Release;
		};
		7439F1601B62C498007CAF44 /* Debug */ = {
			isa = XCBuildConfiguration;
			buildSettings = {
				ASSETCATALOG_COMPILER_APPICON_NAME = AppIcon;
				INFOPLIST_FILE = "30 -- HighVoltage -- John Holsapple/Info.plist";
				LD_RUNPATH_SEARCH_PATHS = "$(inherited) @executable_path/Frameworks";
				PRODUCT_NAME = "$(TARGET_NAME)";
			};
			name = Debug;
		};
		7439F1611B62C498007CAF44 /* Release */ = {
			isa = XCBuildConfiguration;
			buildSettings = {
				ASSETCATALOG_COMPILER_APPICON_NAME = AppIcon;
				INFOPLIST_FILE = "30 -- HighVoltage -- John Holsapple/Info.plist";
				LD_RUNPATH_SEARCH_PATHS = "$(inherited) @executable_path/Frameworks";
				PRODUCT_NAME = "$(TARGET_NAME)";
			};
			name = Release;
		};
		7439F1631B62C498007CAF44 /* Debug */ = {
			isa = XCBuildConfiguration;
			buildSettings = {
				BUNDLE_LOADER = "$(TEST_HOST)";
				FRAMEWORK_SEARCH_PATHS = (
					"$(SDKROOT)/Developer/Library/Frameworks",
					"$(inherited)",
				);
				GCC_PREPROCESSOR_DEFINITIONS = (
					"DEBUG=1",
					"$(inherited)",
				);
				INFOPLIST_FILE = "30 -- HighVoltage -- John HolsappleTests/Info.plist";
				LD_RUNPATH_SEARCH_PATHS = "$(inherited) @executable_path/Frameworks @loader_path/Frameworks";
				PRODUCT_NAME = "$(TARGET_NAME)";
				TEST_HOST = "$(BUILT_PRODUCTS_DIR)/30 -- HighVoltage -- John Holsapple.app/30 -- HighVoltage -- John Holsapple";
			};
			name = Debug;
		};
		7439F1641B62C498007CAF44 /* Release */ = {
			isa = XCBuildConfiguration;
			buildSettings = {
				BUNDLE_LOADER = "$(TEST_HOST)";
				FRAMEWORK_SEARCH_PATHS = (
					"$(SDKROOT)/Developer/Library/Frameworks",
					"$(inherited)",
				);
				INFOPLIST_FILE = "30 -- HighVoltage -- John HolsappleTests/Info.plist";
				LD_RUNPATH_SEARCH_PATHS = "$(inherited) @executable_path/Frameworks @loader_path/Frameworks";
				PRODUCT_NAME = "$(TARGET_NAME)";
				TEST_HOST = "$(BUILT_PRODUCTS_DIR)/30 -- HighVoltage -- John Holsapple.app/30 -- HighVoltage -- John Holsapple";
			};
			name = Release;
		};
/* End XCBuildConfiguration section */

/* Begin XCConfigurationList section */
		7439F13B1B62C498007CAF44 /* Build configuration list for PBXProject "30 -- HighVoltage -- John Holsapple" */ = {
			isa = XCConfigurationList;
			buildConfigurations = (
				7439F15D1B62C498007CAF44 /* Debug */,
				7439F15E1B62C498007CAF44 /* Release */,
			);
			defaultConfigurationIsVisible = 0;
			defaultConfigurationName = Release;
		};
		7439F15F1B62C498007CAF44 /* Build configuration list for PBXNativeTarget "30 -- HighVoltage -- John Holsapple" */ = {
			isa = XCConfigurationList;
			buildConfigurations = (
				7439F1601B62C498007CAF44 /* Debug */,
				7439F1611B62C498007CAF44 /* Release */,
			);
			defaultConfigurationIsVisible = 0;
			defaultConfigurationName = Release;
		};
		7439F1621B62C498007CAF44 /* Build configuration list for PBXNativeTarget "30 -- HighVoltage -- John HolsappleTests" */ = {
			isa = XCConfigurationList;
			buildConfigurations = (
				7439F1631B62C498007CAF44 /* Debug */,
				7439F1641B62C498007CAF44 /* Release */,
			);
			defaultConfigurationIsVisible = 0;
			defaultConfigurationName = Release;
		};
/* End XCConfigurationList section */
	};
	rootObject = 7439F1381B62C498007CAF44 /* Project object */;
}
